
Microsoft Visual Studio Solution File, Format Version 12.00
# Visual Studio Version 16
VisualStudioVersion = 16.0.30907.101
MinimumVisualStudioVersion = 10.0.40219.1
Project("{9A19103F-16F7-4668-BE54-9A1E7A4F7556}") = "BankAccount.Api", "BankAccount.Api\BankAccount.Api.csproj", "{49C19D1E-7D5F-42F0-AEA9-0BC55A9E0E13}"
EndProject
Project("{9A19103F-16F7-4668-BE54-9A1E7A4F7556}") = "BankAccount.Api.Test", "BankAccount.Api.Test\BankAccount.Api.Test.csproj", "{48735634-18A5-48BA-B276-D53BC9AE0C1E}"
EndProject
Project("{FAE04EC0-301F-11D3-BF4B-00C04F79EFBC}") = "BankAccount.I18n", "BankAccount.I18n\BankAccount.I18n.csproj", "{C5C8387E-F3B1-4AD9-8626-6232D521B54E}"
EndProject
Global
	GlobalSection(SolutionConfigurationPlatforms) = preSolution
		Debug|Any CPU = Debug|Any CPU
		Release|Any CPU = Release|Any CPU
	EndGlobalSection
	GlobalSection(ProjectConfigurationPlatforms) = postSolution
		{49C19D1E-7D5F-42F0-AEA9-0BC55A9E0E13}.Debug|Any CPU.ActiveCfg = Debug|Any CPU
		{49C19D1E-7D5F-42F0-AEA9-0BC55A9E0E13}.Debug|Any CPU.Build.0 = Debug|Any CPU
		{49C19D1E-7D5F-42F0-AEA9-0BC55A9E0E13}.Release|Any CPU.ActiveCfg = Release|Any CPU
		{49C19D1E-7D5F-42F0-AEA9-0BC55A9E0E13}.Release|Any CPU.Build.0 = Release|Any CPU
		{48735634-18A5-48BA-B276-D53BC9AE0C1E}.Debug|Any CPU.ActiveCfg = Debug|Any CPU
		{48735634-18A5-48BA-B276-D53BC9AE0C1E}.Debug|Any CPU.Build.0 = Debug|Any CPU
		{48735634-18A5-48BA-B276-D53BC9AE0C1E}.Release|Any CPU.ActiveCfg = Release|Any CPU
		{48735634-18A5-48BA-B276-D53BC9AE0C1E}.Release|Any CPU.Build.0 = Release|Any CPU
		{C5C8387E-F3B1-4AD9-8626-6232D521B54E}.Debug|Any CPU.ActiveCfg = Debug|Any CPU
		{C5C8387E-F3B1-4AD9-8626-6232D521B54E}.Debug|Any CPU.Build.0 = Debug|Any CPU
		{C5C8387E-F3B1-4AD9-8626-6232D521B54E}.Release|Any CPU.ActiveCfg = Release|Any CPU
		{C5C8387E-F3B1-4AD9-8626-6232D521B54E}.Release|Any CPU.Build.0 = Release|Any CPU
	EndGlobalSection
	GlobalSection(SolutionProperties) = preSolution
		HideSolutionNode = FALSE
	EndGlobalSection
	GlobalSection(ExtensibilityGlobals) = postSolution
		SolutionGuid = {595E64BA-52FB-41DB-9F79-D081A39666E5}
	EndGlobalSection
EndGlobal
